// !$*UTF8*$!
{
	archiveVersion = 1;
	classes = {
	};
	objectVersion = 50;
	objects = {

/* Begin PBXBuildFile section */
		06E43061D7D0C65B29A83F1A /* libPods-codeACity2.a in Frameworks */ = {isa = PBXBuildFile; fileRef = F0627D2DABBD1C83AA5B118C /* libPods-codeACity2.a */; };
		901078A2226264D9001B8690 /* AppDelegate.swift in Sources */ = {isa = PBXBuildFile; fileRef = 901078A1226264D9001B8690 /* AppDelegate.swift */; };
		901078AA226264D9001B8690 /* codeACity2.xcdatamodeld in Sources */ = {isa = PBXBuildFile; fileRef = 901078A8226264D9001B8690 /* codeACity2.xcdatamodeld */; };
		901078AC226264DB001B8690 /* Assets.xcassets in Resources */ = {isa = PBXBuildFile; fileRef = 901078AB226264DB001B8690 /* Assets.xcassets */; };
		901078AF226264DB001B8690 /* LaunchScreen.storyboard in Resources */ = {isa = PBXBuildFile; fileRef = 901078AD226264DB001B8690 /* LaunchScreen.storyboard */; };
		901078BB226265DC001B8690 /* SplashViewController.swift in Sources */ = {isa = PBXBuildFile; fileRef = 901078B9226265DC001B8690 /* SplashViewController.swift */; };
		901078BC226265DC001B8690 /* SplashViewController.xib in Resources */ = {isa = PBXBuildFile; fileRef = 901078BA226265DC001B8690 /* SplashViewController.xib */; };
		901078C022626665001B8690 /* MapViewController.swift in Sources */ = {isa = PBXBuildFile; fileRef = 901078BE22626665001B8690 /* MapViewController.swift */; };
		901078C122626665001B8690 /* MapViewController.xib in Resources */ = {isa = PBXBuildFile; fileRef = 901078BF22626665001B8690 /* MapViewController.xib */; };
		901078C422626F35001B8690 /* Session.swift in Sources */ = {isa = PBXBuildFile; fileRef = 901078C322626F35001B8690 /* Session.swift */; };
		901078C622627040001B8690 /* Settings.swift in Sources */ = {isa = PBXBuildFile; fileRef = 901078C522627040001B8690 /* Settings.swift */; };
		901078C8226270DE001B8690 /* Settings.plist in Resources */ = {isa = PBXBuildFile; fileRef = 901078C7226270DE001B8690 /* Settings.plist */; };
		901078CB22629DAB001B8690 /* URLSession.swift in Sources */ = {isa = PBXBuildFile; fileRef = 901078CA22629DAB001B8690 /* URLSession.swift */; };
		901078CD2262A473001B8690 /* GoogleNearby.swift in Sources */ = {isa = PBXBuildFile; fileRef = 901078CC2262A473001B8690 /* GoogleNearby.swift */; };
		901078D02262B6BD001B8690 /* PlaceType.swift in Sources */ = {isa = PBXBuildFile; fileRef = 901078CF2262B6BD001B8690 /* PlaceType.swift */; };
		901FB2EB2262D31B00EFFB50 /* Municipios_PE.kml in Resources */ = {isa = PBXBuildFile; fileRef = 901FB2EA2262D31B00EFFB50 /* Municipios_PE.kml */; };
		901FB2ED2262D67000EFFB50 /* Recife_antigo.kml in Resources */ = {isa = PBXBuildFile; fileRef = 901FB2EC2262D67000EFFB50 /* Recife_antigo.kml */; };
		901FB2F32262E8D600EFFB50 /* MapCollectionViewCell.swift in Sources */ = {isa = PBXBuildFile; fileRef = 901FB2F12262E8D600EFFB50 /* MapCollectionViewCell.swift */; };
		901FB2F42262E8D600EFFB50 /* MapCollectionViewCell.xib in Resources */ = {isa = PBXBuildFile; fileRef = 901FB2F22262E8D600EFFB50 /* MapCollectionViewCell.xib */; };
		901FB2F62262E97400EFFB50 /* UICollectionView.swift in Sources */ = {isa = PBXBuildFile; fileRef = 901FB2F52262E97400EFFB50 /* UICollectionView.swift */; };
		901FB2F82262E9BD00EFFB50 /* MapCollectionController.swift in Sources */ = {isa = PBXBuildFile; fileRef = 901FB2F72262E9BD00EFFB50 /* MapCollectionController.swift */; };
		901FB2FA2263055000EFFB50 /* UIView.swift in Sources */ = {isa = PBXBuildFile; fileRef = 901FB2F92263055000EFFB50 /* UIView.swift */; };
		901FB2FC226306E600EFFB50 /* ItemMap.swift in Sources */ = {isa = PBXBuildFile; fileRef = 901FB2FB226306E600EFFB50 /* ItemMap.swift */; };
		901FB2FE2263122700EFFB50 /* Santo_antonio.kml in Resources */ = {isa = PBXBuildFile; fileRef = 901FB2FD2263122700EFFB50 /* Santo_antonio.kml */; };
		901FB301226316A600EFFB50 /* DetailMapViewController.swift in Sources */ = {isa = PBXBuildFile; fileRef = 901FB2FF226316A600EFFB50 /* DetailMapViewController.swift */; };
		901FB302226316A600EFFB50 /* DetailMapViewController.xib in Resources */ = {isa = PBXBuildFile; fileRef = 901FB300226316A600EFFB50 /* DetailMapViewController.xib */; };
		907209F82262CC2500026078 /* GMUClusterManager.m in Sources */ = {isa = PBXBuildFile; fileRef = 907209AF2262CC2500026078 /* GMUClusterManager.m */; };
		907209F92262CC2500026078 /* GMUGridBasedClusterAlgorithm.m in Sources */ = {isa = PBXBuildFile; fileRef = 907209B32262CC2500026078 /* GMUGridBasedClusterAlgorithm.m */; };
		907209FA2262CC2500026078 /* GMUWrappingDictionaryKey.m in Sources */ = {isa = PBXBuildFile; fileRef = 907209B62262CC2500026078 /* GMUWrappingDictionaryKey.m */; };
		907209FB2262CC2500026078 /* GMUSimpleClusterAlgorithm.m in Sources */ = {isa = PBXBuildFile; fileRef = 907209B72262CC2500026078 /* GMUSimpleClusterAlgorithm.m */; };
		907209FC2262CC2500026078 /* GMUNonHierarchicalDistanceBasedAlgorithm.m in Sources */ = {isa = PBXBuildFile; fileRef = 907209B92262CC2500026078 /* GMUNonHierarchicalDistanceBasedAlgorithm.m */; };
		907209FD2262CC2500026078 /* GMUDefaultClusterRenderer.m in Sources */ = {isa = PBXBuildFile; fileRef = 907209C22262CC2500026078 /* GMUDefaultClusterRenderer.m */; };
		907209FE2262CC2500026078 /* GMUDefaultClusterIconGenerator.m in Sources */ = {isa = PBXBuildFile; fileRef = 907209C42262CC2500026078 /* GMUDefaultClusterIconGenerator.m */; };
		907209FF2262CC2500026078 /* GMUStaticCluster.m in Sources */ = {isa = PBXBuildFile; fileRef = 907209C72262CC2500026078 /* GMUStaticCluster.m */; };
		90720A002262CC2500026078 /* GMUWeightedLatLng.m in Sources */ = {isa = PBXBuildFile; fileRef = 907209CC2262CC2500026078 /* GMUWeightedLatLng.m */; };
		90720A012262CC2500026078 /* GMUGradient.m in Sources */ = {isa = PBXBuildFile; fileRef = 907209CF2262CC2500026078 /* GMUGradient.m */; };
		90720A022262CC2500026078 /* GMUHeatmapTileLayer.m in Sources */ = {isa = PBXBuildFile; fileRef = 907209D02262CC2500026078 /* GMUHeatmapTileLayer.m */; };
		90720A032262CC2500026078 /* GMUKMLParser.m in Sources */ = {isa = PBXBuildFile; fileRef = 907209D22262CC2500026078 /* GMUKMLParser.m */; };
		90720A042262CC2500026078 /* GMUGeometryRenderer.m in Sources */ = {isa = PBXBuildFile; fileRef = 907209D32262CC2500026078 /* GMUGeometryRenderer.m */; };
		90720A052262CC2500026078 /* GMUGeometryCollection.m in Sources */ = {isa = PBXBuildFile; fileRef = 907209D62262CC2500026078 /* GMUGeometryCollection.m */; };
		90720A062262CC2500026078 /* GMUPlacemark.m in Sources */ = {isa = PBXBuildFile; fileRef = 907209D92262CC2500026078 /* GMUPlacemark.m */; };
		90720A072262CC2500026078 /* GMUPolygon.m in Sources */ = {isa = PBXBuildFile; fileRef = 907209DA2262CC2500026078 /* GMUPolygon.m */; };
		90720A082262CC2500026078 /* GMUStyleMap.m in Sources */ = {isa = PBXBuildFile; fileRef = 907209DD2262CC2500026078 /* GMUStyleMap.m */; };
		90720A092262CC2500026078 /* GMUFeature.m in Sources */ = {isa = PBXBuildFile; fileRef = 907209DE2262CC2500026078 /* GMUFeature.m */; };
		90720A0A2262CC2500026078 /* GMUGroundOverlay.m in Sources */ = {isa = PBXBuildFile; fileRef = 907209E02262CC2500026078 /* GMUGroundOverlay.m */; };
		90720A0B2262CC2500026078 /* GMUStyle.m in Sources */ = {isa = PBXBuildFile; fileRef = 907209E12262CC2500026078 /* GMUStyle.m */; };
		90720A0C2262CC2500026078 /* GMUPoint.m in Sources */ = {isa = PBXBuildFile; fileRef = 907209E22262CC2500026078 /* GMUPoint.m */; };
		90720A0D2262CC2500026078 /* GMUPair.m in Sources */ = {isa = PBXBuildFile; fileRef = 907209E52262CC2500026078 /* GMUPair.m */; };
		90720A0E2262CC2500026078 /* GMULineString.m in Sources */ = {isa = PBXBuildFile; fileRef = 907209EA2262CC2500026078 /* GMULineString.m */; };
		90720A0F2262CC2500026078 /* GMUGeoJSONParser.m in Sources */ = {isa = PBXBuildFile; fileRef = 907209EE2262CC2500026078 /* GMUGeoJSONParser.m */; };
		90720A102262CC2500026078 /* GQTPointQuadTree.m in Sources */ = {isa = PBXBuildFile; fileRef = 907209F12262CC2500026078 /* GQTPointQuadTree.m */; };
		90720A112262CC2500026078 /* GQTPointQuadTreeChild.m in Sources */ = {isa = PBXBuildFile; fileRef = 907209F32262CC2500026078 /* GQTPointQuadTreeChild.m */; };
		90720A142262CF7800026078 /* Investimento.swift in Sources */ = {isa = PBXBuildFile; fileRef = 90720A132262CF7800026078 /* Investimento.swift */; };
		908B30792263720E00EF6E2F /* Double.swift in Sources */ = {isa = PBXBuildFile; fileRef = 908B30782263720E00EF6E2F /* Double.swift */; };
		909DD740226330230050AD6B /* Marker.swift in Sources */ = {isa = PBXBuildFile; fileRef = 909DD73F226330230050AD6B /* Marker.swift */; };
		909DD743226332E10050AD6B /* DetailItemMapViewController.swift in Sources */ = {isa = PBXBuildFile; fileRef = 909DD741226332E10050AD6B /* DetailItemMapViewController.swift */; };
		909DD744226332E10050AD6B /* DetailItemMapViewController.xib in Resources */ = {isa = PBXBuildFile; fileRef = 909DD742226332E10050AD6B /* DetailItemMapViewController.xib */; };
/* End PBXBuildFile section */

/* Begin PBXFileReference section */
		56F449A93404A733A68B068D /* Pods-codeACity2.debug.xcconfig */ = {isa = PBXFileReference; includeInIndex = 1; lastKnownFileType = text.xcconfig; name = "Pods-codeACity2.debug.xcconfig"; path = "Pods/Target Support Files/Pods-codeACity2/Pods-codeACity2.debug.xcconfig"; sourceTree = "<group>"; };
		5FBAF2573BD0E6C593045B66 /* Pods-codeACity2.release.xcconfig */ = {isa = PBXFileReference; includeInIndex = 1; lastKnownFileType = text.xcconfig; name = "Pods-codeACity2.release.xcconfig"; path = "Pods/Target Support Files/Pods-codeACity2/Pods-codeACity2.release.xcconfig"; sourceTree = "<group>"; };
		9010789E226264D9001B8690 /* codeACity2.app */ = {isa = PBXFileReference; explicitFileType = wrapper.application; includeInIndex = 0; path = codeACity2.app; sourceTree = BUILT_PRODUCTS_DIR; };
		901078A1226264D9001B8690 /* AppDelegate.swift */ = {isa = PBXFileReference; lastKnownFileType = sourcecode.swift; path = AppDelegate.swift; sourceTree = "<group>"; };
		901078A9226264D9001B8690 /* codeACity2.xcdatamodel */ = {isa = PBXFileReference; lastKnownFileType = wrapper.xcdatamodel; path = codeACity2.xcdatamodel; sourceTree = "<group>"; };
		901078AB226264DB001B8690 /* Assets.xcassets */ = {isa = PBXFileReference; lastKnownFileType = folder.assetcatalog; path = Assets.xcassets; sourceTree = "<group>"; };
		901078AE226264DB001B8690 /* Base */ = {isa = PBXFileReference; lastKnownFileType = file.storyboard; name = Base; path = Base.lproj/LaunchScreen.storyboard; sourceTree = "<group>"; };
		901078B0226264DB001B8690 /* Info.plist */ = {isa = PBXFileReference; lastKnownFileType = text.plist.xml; path = Info.plist; sourceTree = "<group>"; };
		901078B9226265DC001B8690 /* SplashViewController.swift */ = {isa = PBXFileReference; lastKnownFileType = sourcecode.swift; path = SplashViewController.swift; sourceTree = "<group>"; };
		901078BA226265DC001B8690 /* SplashViewController.xib */ = {isa = PBXFileReference; lastKnownFileType = file.xib; path = SplashViewController.xib; sourceTree = "<group>"; };
		901078BE22626665001B8690 /* MapViewController.swift */ = {isa = PBXFileReference; lastKnownFileType = sourcecode.swift; path = MapViewController.swift; sourceTree = "<group>"; };
		901078BF22626665001B8690 /* MapViewController.xib */ = {isa = PBXFileReference; lastKnownFileType = file.xib; path = MapViewController.xib; sourceTree = "<group>"; };
		901078C322626F35001B8690 /* Session.swift */ = {isa = PBXFileReference; lastKnownFileType = sourcecode.swift; path = Session.swift; sourceTree = "<group>"; };
		901078C522627040001B8690 /* Settings.swift */ = {isa = PBXFileReference; lastKnownFileType = sourcecode.swift; path = Settings.swift; sourceTree = "<group>"; };
		901078C7226270DE001B8690 /* Settings.plist */ = {isa = PBXFileReference; lastKnownFileType = text.plist.xml; path = Settings.plist; sourceTree = "<group>"; };
		901078CA22629DAB001B8690 /* URLSession.swift */ = {isa = PBXFileReference; lastKnownFileType = sourcecode.swift; path = URLSession.swift; sourceTree = "<group>"; };
		901078CC2262A473001B8690 /* GoogleNearby.swift */ = {isa = PBXFileReference; lastKnownFileType = sourcecode.swift; path = GoogleNearby.swift; sourceTree = "<group>"; };
		901078CF2262B6BD001B8690 /* PlaceType.swift */ = {isa = PBXFileReference; lastKnownFileType = sourcecode.swift; path = PlaceType.swift; sourceTree = "<group>"; };
		901078D32262C0DF001B8690 /* codeACity2-Bridging-Header.h */ = {isa = PBXFileReference; lastKnownFileType = sourcecode.c.h; path = "codeACity2-Bridging-Header.h"; sourceTree = "<group>"; };
		901FB2EA2262D31B00EFFB50 /* Municipios_PE.kml */ = {isa = PBXFileReference; fileEncoding = 4; lastKnownFileType = text; path = Municipios_PE.kml; sourceTree = "<group>"; };
		901FB2EC2262D67000EFFB50 /* Recife_antigo.kml */ = {isa = PBXFileReference; fileEncoding = 4; lastKnownFileType = text.xml; path = Recife_antigo.kml; sourceTree = "<group>"; };
		901FB2F12262E8D600EFFB50 /* MapCollectionViewCell.swift */ = {isa = PBXFileReference; lastKnownFileType = sourcecode.swift; path = MapCollectionViewCell.swift; sourceTree = "<group>"; };
		901FB2F22262E8D600EFFB50 /* MapCollectionViewCell.xib */ = {isa = PBXFileReference; lastKnownFileType = file.xib; path = MapCollectionViewCell.xib; sourceTree = "<group>"; };
		901FB2F52262E97400EFFB50 /* UICollectionView.swift */ = {isa = PBXFileReference; lastKnownFileType = sourcecode.swift; path = UICollectionView.swift; sourceTree = "<group>"; };
		901FB2F72262E9BD00EFFB50 /* MapCollectionController.swift */ = {isa = PBXFileReference; lastKnownFileType = sourcecode.swift; path = MapCollectionController.swift; sourceTree = "<group>"; };
		901FB2F92263055000EFFB50 /* UIView.swift */ = {isa = PBXFileReference; lastKnownFileType = sourcecode.swift; path = UIView.swift; sourceTree = "<group>"; };
		901FB2FB226306E600EFFB50 /* ItemMap.swift */ = {isa = PBXFileReference; lastKnownFileType = sourcecode.swift; path = ItemMap.swift; sourceTree = "<group>"; };
		901FB2FD2263122700EFFB50 /* Santo_antonio.kml */ = {isa = PBXFileReference; fileEncoding = 4; lastKnownFileType = text.xml; path = Santo_antonio.kml; sourceTree = "<group>"; };
		901FB2FF226316A600EFFB50 /* DetailMapViewController.swift */ = {isa = PBXFileReference; lastKnownFileType = sourcecode.swift; path = DetailMapViewController.swift; sourceTree = "<group>"; };
		901FB300226316A600EFFB50 /* DetailMapViewController.xib */ = {isa = PBXFileReference; lastKnownFileType = file.xib; path = DetailMapViewController.xib; sourceTree = "<group>"; };
		907209AF2262CC2500026078 /* GMUClusterManager.m */ = {isa = PBXFileReference; fileEncoding = 4; lastKnownFileType = sourcecode.c.objc; path = GMUClusterManager.m; sourceTree = "<group>"; };
		907209B02262CC2500026078 /* GMUStaticCluster.h */ = {isa = PBXFileReference; fileEncoding = 4; lastKnownFileType = sourcecode.c.h; path = GMUStaticCluster.h; sourceTree = "<group>"; };
		907209B12262CC2500026078 /* GMUMarkerClustering.h */ = {isa = PBXFileReference; fileEncoding = 4; lastKnownFileType = sourcecode.c.h; path = GMUMarkerClustering.h; sourceTree = "<group>"; };
		907209B32262CC2500026078 /* GMUGridBasedClusterAlgorithm.m */ = {isa = PBXFileReference; fileEncoding = 4; lastKnownFileType = sourcecode.c.objc; path = GMUGridBasedClusterAlgorithm.m; sourceTree = "<group>"; };
		907209B42262CC2500026078 /* GMUClusterAlgorithm.h */ = {isa = PBXFileReference; fileEncoding = 4; lastKnownFileType = sourcecode.c.h; path = GMUClusterAlgorithm.h; sourceTree = "<group>"; };
		907209B52262CC2500026078 /* GMUNonHierarchicalDistanceBasedAlgorithm.h */ = {isa = PBXFileReference; fileEncoding = 4; lastKnownFileType = sourcecode.c.h; path = GMUNonHierarchicalDistanceBasedAlgorithm.h; sourceTree = "<group>"; };
		907209B62262CC2500026078 /* GMUWrappingDictionaryKey.m */ = {isa = PBXFileReference; fileEncoding = 4; lastKnownFileType = sourcecode.c.objc; path = GMUWrappingDictionaryKey.m; sourceTree = "<group>"; };
		907209B72262CC2500026078 /* GMUSimpleClusterAlgorithm.m */ = {isa = PBXFileReference; fileEncoding = 4; lastKnownFileType = sourcecode.c.objc; path = GMUSimpleClusterAlgorithm.m; sourceTree = "<group>"; };
		907209B82262CC2500026078 /* GMUGridBasedClusterAlgorithm.h */ = {isa = PBXFileReference; fileEncoding = 4; lastKnownFileType = sourcecode.c.h; path = GMUGridBasedClusterAlgorithm.h; sourceTree = "<group>"; };
		907209B92262CC2500026078 /* GMUNonHierarchicalDistanceBasedAlgorithm.m */ = {isa = PBXFileReference; fileEncoding = 4; lastKnownFileType = sourcecode.c.objc; path = GMUNonHierarchicalDistanceBasedAlgorithm.m; sourceTree = "<group>"; };
		907209BA2262CC2500026078 /* GMUSimpleClusterAlgorithm.h */ = {isa = PBXFileReference; fileEncoding = 4; lastKnownFileType = sourcecode.c.h; path = GMUSimpleClusterAlgorithm.h; sourceTree = "<group>"; };
		907209BB2262CC2500026078 /* GMUWrappingDictionaryKey.h */ = {isa = PBXFileReference; fileEncoding = 4; lastKnownFileType = sourcecode.c.h; path = GMUWrappingDictionaryKey.h; sourceTree = "<group>"; };
		907209BC2262CC2500026078 /* GMUClusterManager.h */ = {isa = PBXFileReference; fileEncoding = 4; lastKnownFileType = sourcecode.c.h; path = GMUClusterManager.h; sourceTree = "<group>"; };
		907209BD2262CC2500026078 /* GMUClusterManager+Testing.h */ = {isa = PBXFileReference; fileEncoding = 4; lastKnownFileType = sourcecode.c.h; path = "GMUClusterManager+Testing.h"; sourceTree = "<group>"; };
		907209BF2262CC2500026078 /* GMUClusterIconGenerator.h */ = {isa = PBXFileReference; fileEncoding = 4; lastKnownFileType = sourcecode.c.h; path = GMUClusterIconGenerator.h; sourceTree = "<group>"; };
		907209C02262CC2500026078 /* GMUClusterRenderer.h */ = {isa = PBXFileReference; fileEncoding = 4; lastKnownFileType = sourcecode.c.h; path = GMUClusterRenderer.h; sourceTree = "<group>"; };
		907209C12262CC2500026078 /* GMUDefaultClusterRenderer+Testing.h */ = {isa = PBXFileReference; fileEncoding = 4; lastKnownFileType = sourcecode.c.h; path = "GMUDefaultClusterRenderer+Testing.h"; sourceTree = "<group>"; };
		907209C22262CC2500026078 /* GMUDefaultClusterRenderer.m */ = {isa = PBXFileReference; fileEncoding = 4; lastKnownFileType = sourcecode.c.objc; path = GMUDefaultClusterRenderer.m; sourceTree = "<group>"; };
		907209C32262CC2500026078 /* GMUDefaultClusterIconGenerator.h */ = {isa = PBXFileReference; fileEncoding = 4; lastKnownFileType = sourcecode.c.h; path = GMUDefaultClusterIconGenerator.h; sourceTree = "<group>"; };
		907209C42262CC2500026078 /* GMUDefaultClusterIconGenerator.m */ = {isa = PBXFileReference; fileEncoding = 4; lastKnownFileType = sourcecode.c.objc; path = GMUDefaultClusterIconGenerator.m; sourceTree = "<group>"; };
		907209C52262CC2500026078 /* GMUDefaultClusterRenderer.h */ = {isa = PBXFileReference; fileEncoding = 4; lastKnownFileType = sourcecode.c.h; path = GMUDefaultClusterRenderer.h; sourceTree = "<group>"; };
		907209C62262CC2500026078 /* GMUDefaultClusterIconGenerator+Testing.h */ = {isa = PBXFileReference; fileEncoding = 4; lastKnownFileType = sourcecode.c.h; path = "GMUDefaultClusterIconGenerator+Testing.h"; sourceTree = "<group>"; };
		907209C72262CC2500026078 /* GMUStaticCluster.m */ = {isa = PBXFileReference; fileEncoding = 4; lastKnownFileType = sourcecode.c.objc; path = GMUStaticCluster.m; sourceTree = "<group>"; };
		907209C82262CC2500026078 /* GMUCluster.h */ = {isa = PBXFileReference; fileEncoding = 4; lastKnownFileType = sourcecode.c.h; path = GMUCluster.h; sourceTree = "<group>"; };
		907209C92262CC2500026078 /* GMUClusterItem.h */ = {isa = PBXFileReference; fileEncoding = 4; lastKnownFileType = sourcecode.c.h; path = GMUClusterItem.h; sourceTree = "<group>"; };
		907209CB2262CC2500026078 /* GMUGradient.h */ = {isa = PBXFileReference; fileEncoding = 4; lastKnownFileType = sourcecode.c.h; path = GMUGradient.h; sourceTree = "<group>"; };
		907209CC2262CC2500026078 /* GMUWeightedLatLng.m */ = {isa = PBXFileReference; fileEncoding = 4; lastKnownFileType = sourcecode.c.objc; path = GMUWeightedLatLng.m; sourceTree = "<group>"; };
		907209CD2262CC2500026078 /* GMUHeatmapTileLayer.h */ = {isa = PBXFileReference; fileEncoding = 4; lastKnownFileType = sourcecode.c.h; path = GMUHeatmapTileLayer.h; sourceTree = "<group>"; };
		907209CE2262CC2500026078 /* GMUWeightedLatLng.h */ = {isa = PBXFileReference; fileEncoding = 4; lastKnownFileType = sourcecode.c.h; path = GMUWeightedLatLng.h; sourceTree = "<group>"; };
		907209CF2262CC2500026078 /* GMUGradient.m */ = {isa = PBXFileReference; fileEncoding = 4; lastKnownFileType = sourcecode.c.objc; path = GMUGradient.m; sourceTree = "<group>"; };
		907209D02262CC2500026078 /* GMUHeatmapTileLayer.m */ = {isa = PBXFileReference; fileEncoding = 4; lastKnownFileType = sourcecode.c.objc; path = GMUHeatmapTileLayer.m; sourceTree = "<group>"; };
		907209D22262CC2500026078 /* GMUKMLParser.m */ = {isa = PBXFileReference; fileEncoding = 4; lastKnownFileType = sourcecode.c.objc; path = GMUKMLParser.m; sourceTree = "<group>"; };
		907209D32262CC2500026078 /* GMUGeometryRenderer.m */ = {isa = PBXFileReference; fileEncoding = 4; lastKnownFileType = sourcecode.c.objc; path = GMUGeometryRenderer.m; sourceTree = "<group>"; };
		907209D42262CC2500026078 /* GMUGeoJSONParser.h */ = {isa = PBXFileReference; fileEncoding = 4; lastKnownFileType = sourcecode.c.h; path = GMUGeoJSONParser.h; sourceTree = "<group>"; };
		907209D62262CC2500026078 /* GMUGeometryCollection.m */ = {isa = PBXFileReference; fileEncoding = 4; lastKnownFileType = sourcecode.c.objc; path = GMUGeometryCollection.m; sourceTree = "<group>"; };
		907209D72262CC2500026078 /* GMUPoint.h */ = {isa = PBXFileReference; fileEncoding = 4; lastKnownFileType = sourcecode.c.h; path = GMUPoint.h; sourceTree = "<group>"; };
		907209D82262CC2500026078 /* GMUStyle.h */ = {isa = PBXFileReference; fileEncoding = 4; lastKnownFileType = sourcecode.c.h; path = GMUStyle.h; sourceTree = "<group>"; };
		907209D92262CC2500026078 /* GMUPlacemark.m */ = {isa = PBXFileReference; fileEncoding = 4; lastKnownFileType = sourcecode.c.objc; path = GMUPlacemark.m; sourceTree = "<group>"; };
		907209DA2262CC2500026078 /* GMUPolygon.m */ = {isa = PBXFileReference; fileEncoding = 4; lastKnownFileType = sourcecode.c.objc; path = GMUPolygon.m; sourceTree = "<group>"; };
		907209DB2262CC2500026078 /* GMUPair.h */ = {isa = PBXFileReference; fileEncoding = 4; lastKnownFileType = sourcecode.c.h; path = GMUPair.h; sourceTree = "<group>"; };
		907209DC2262CC2500026078 /* GMUGeometryContainer.h */ = {isa = PBXFileReference; fileEncoding = 4; lastKnownFileType = sourcecode.c.h; path = GMUGeometryContainer.h; sourceTree = "<group>"; };
		907209DD2262CC2500026078 /* GMUStyleMap.m */ = {isa = PBXFileReference; fileEncoding = 4; lastKnownFileType = sourcecode.c.objc; path = GMUStyleMap.m; sourceTree = "<group>"; };
		907209DE2262CC2500026078 /* GMUFeature.m */ = {isa = PBXFileReference; fileEncoding = 4; lastKnownFileType = sourcecode.c.objc; path = GMUFeature.m; sourceTree = "<group>"; };
		907209DF2262CC2500026078 /* GMULineString.h */ = {isa = PBXFileReference; fileEncoding = 4; lastKnownFileType = sourcecode.c.h; path = GMULineString.h; sourceTree = "<group>"; };
		907209E02262CC2500026078 /* GMUGroundOverlay.m */ = {isa = PBXFileReference; fileEncoding = 4; lastKnownFileType = sourcecode.c.objc; path = GMUGroundOverlay.m; sourceTree = "<group>"; };
		907209E12262CC2500026078 /* GMUStyle.m */ = {isa = PBXFileReference; fileEncoding = 4; lastKnownFileType = sourcecode.c.objc; path = GMUStyle.m; sourceTree = "<group>"; };
		907209E22262CC2500026078 /* GMUPoint.m */ = {isa = PBXFileReference; fileEncoding = 4; lastKnownFileType = sourcecode.c.objc; path = GMUPoint.m; sourceTree = "<group>"; };
		907209E32262CC2500026078 /* GMUGeometry.h */ = {isa = PBXFileReference; fileEncoding = 4; lastKnownFileType = sourcecode.c.h; path = GMUGeometry.h; sourceTree = "<group>"; };
		907209E42262CC2500026078 /* GMUGeometryCollection.h */ = {isa = PBXFileReference; fileEncoding = 4; lastKnownFileType = sourcecode.c.h; path = GMUGeometryCollection.h; sourceTree = "<group>"; };
		907209E52262CC2500026078 /* GMUPair.m */ = {isa = PBXFileReference; fileEncoding = 4; lastKnownFileType = sourcecode.c.objc; path = GMUPair.m; sourceTree = "<group>"; };
		907209E62262CC2500026078 /* GMUPolygon.h */ = {isa = PBXFileReference; fileEncoding = 4; lastKnownFileType = sourcecode.c.h; path = GMUPolygon.h; sourceTree = "<group>"; };
		907209E72262CC2500026078 /* GMUPlacemark.h */ = {isa = PBXFileReference; fileEncoding = 4; lastKnownFileType = sourcecode.c.h; path = GMUPlacemark.h; sourceTree = "<group>"; };
		907209E82262CC2500026078 /* GMUStyleMap.h */ = {isa = PBXFileReference; fileEncoding = 4; lastKnownFileType = sourcecode.c.h; path = GMUStyleMap.h; sourceTree = "<group>"; };
		907209E92262CC2500026078 /* GMUGroundOverlay.h */ = {isa = PBXFileReference; fileEncoding = 4; lastKnownFileType = sourcecode.c.h; path = GMUGroundOverlay.h; sourceTree = "<group>"; };
		907209EA2262CC2500026078 /* GMULineString.m */ = {isa = PBXFileReference; fileEncoding = 4; lastKnownFileType = sourcecode.c.objc; path = GMULineString.m; sourceTree = "<group>"; };
		907209EB2262CC2500026078 /* GMUFeature.h */ = {isa = PBXFileReference; fileEncoding = 4; lastKnownFileType = sourcecode.c.h; path = GMUFeature.h; sourceTree = "<group>"; };
		907209EC2262CC2500026078 /* GMUKMLParser.h */ = {isa = PBXFileReference; fileEncoding = 4; lastKnownFileType = sourcecode.c.h; path = GMUKMLParser.h; sourceTree = "<group>"; };
		907209ED2262CC2500026078 /* GMUGeometryRenderer+Testing.h */ = {isa = PBXFileReference; fileEncoding = 4; lastKnownFileType = sourcecode.c.h; path = "GMUGeometryRenderer+Testing.h"; sourceTree = "<group>"; };
		907209EE2262CC2500026078 /* GMUGeoJSONParser.m */ = {isa = PBXFileReference; fileEncoding = 4; lastKnownFileType = sourcecode.c.objc; path = GMUGeoJSONParser.m; sourceTree = "<group>"; };
		907209EF2262CC2500026078 /* GMUGeometryRenderer.h */ = {isa = PBXFileReference; fileEncoding = 4; lastKnownFileType = sourcecode.c.h; path = GMUGeometryRenderer.h; sourceTree = "<group>"; };
		907209F12262CC2500026078 /* GQTPointQuadTree.m */ = {isa = PBXFileReference; fileEncoding = 4; lastKnownFileType = sourcecode.c.objc; path = GQTPointQuadTree.m; sourceTree = "<group>"; };
		907209F22262CC2500026078 /* GQTPointQuadTreeItem.h */ = {isa = PBXFileReference; fileEncoding = 4; lastKnownFileType = sourcecode.c.h; path = GQTPointQuadTreeItem.h; sourceTree = "<group>"; };
		907209F32262CC2500026078 /* GQTPointQuadTreeChild.m */ = {isa = PBXFileReference; fileEncoding = 4; lastKnownFileType = sourcecode.c.objc; path = GQTPointQuadTreeChild.m; sourceTree = "<group>"; };
		907209F42262CC2500026078 /* GQTPoint.h */ = {isa = PBXFileReference; fileEncoding = 4; lastKnownFileType = sourcecode.c.h; path = GQTPoint.h; sourceTree = "<group>"; };
		907209F52262CC2500026078 /* GQTPointQuadTree.h */ = {isa = PBXFileReference; fileEncoding = 4; lastKnownFileType = sourcecode.c.h; path = GQTPointQuadTree.h; sourceTree = "<group>"; };
		907209F62262CC2500026078 /* GQTPointQuadTreeChild.h */ = {isa = PBXFileReference; fileEncoding = 4; lastKnownFileType = sourcecode.c.h; path = GQTPointQuadTreeChild.h; sourceTree = "<group>"; };
		907209F72262CC2500026078 /* GQTBounds.h */ = {isa = PBXFileReference; fileEncoding = 4; lastKnownFileType = sourcecode.c.h; path = GQTBounds.h; sourceTree = "<group>"; };
		90720A132262CF7800026078 /* Investimento.swift */ = {isa = PBXFileReference; lastKnownFileType = sourcecode.swift; path = Investimento.swift; sourceTree = "<group>"; };
		908B30782263720E00EF6E2F /* Double.swift */ = {isa = PBXFileReference; lastKnownFileType = sourcecode.swift; path = Double.swift; sourceTree = "<group>"; };
		909DD73F226330230050AD6B /* Marker.swift */ = {isa = PBXFileReference; lastKnownFileType = sourcecode.swift; path = Marker.swift; sourceTree = "<group>"; };
		909DD741226332E10050AD6B /* DetailItemMapViewController.swift */ = {isa = PBXFileReference; lastKnownFileType = sourcecode.swift; path = DetailItemMapViewController.swift; sourceTree = "<group>"; };
		909DD742226332E10050AD6B /* DetailItemMapViewController.xib */ = {isa = PBXFileReference; lastKnownFileType = file.xib; path = DetailItemMapViewController.xib; sourceTree = "<group>"; };
		F0627D2DABBD1C83AA5B118C /* libPods-codeACity2.a */ = {isa = PBXFileReference; explicitFileType = archive.ar; includeInIndex = 0; path = "libPods-codeACity2.a"; sourceTree = BUILT_PRODUCTS_DIR; };
/* End PBXFileReference section */

/* Begin PBXFrameworksBuildPhase section */
		9010789B226264D9001B8690 /* Frameworks */ = {
			isa = PBXFrameworksBuildPhase;
			buildActionMask = 2147483647;
			files = (
				06E43061D7D0C65B29A83F1A /* libPods-codeACity2.a in Frameworks */,
			);
			runOnlyForDeploymentPostprocessing = 0;
		};
/* End PBXFrameworksBuildPhase section */

/* Begin PBXGroup section */
		493AEFAD91A2F5E6D37CE184 /* Pods */ = {
			isa = PBXGroup;
			children = (
				56F449A93404A733A68B068D /* Pods-codeACity2.debug.xcconfig */,
				5FBAF2573BD0E6C593045B66 /* Pods-codeACity2.release.xcconfig */,
			);
			name = Pods;
			sourceTree = "<group>";
		};
		7F455DB78F463DE4C130744B /* Frameworks */ = {
			isa = PBXGroup;
			children = (
				F0627D2DABBD1C83AA5B118C /* libPods-codeACity2.a */,
			);
			name = Frameworks;
			sourceTree = "<group>";
		};
		90107895226264D9001B8690 = {
			isa = PBXGroup;
			children = (
				901078B622626543001B8690 /* All */,
				901078A0226264D9001B8690 /* codeACity2 */,
				9010789F226264D9001B8690 /* Products */,
				493AEFAD91A2F5E6D37CE184 /* Pods */,
				7F455DB78F463DE4C130744B /* Frameworks */,
			);
			sourceTree = "<group>";
		};
		9010789F226264D9001B8690 /* Products */ = {
			isa = PBXGroup;
			children = (
				9010789E226264D9001B8690 /* codeACity2.app */,
			);
			name = Products;
			sourceTree = "<group>";
		};
		901078A0226264D9001B8690 /* codeACity2 */ = {
			isa = PBXGroup;
			children = (
				901078A1226264D9001B8690 /* AppDelegate.swift */,
				901078AB226264DB001B8690 /* Assets.xcassets */,
				901078AD226264DB001B8690 /* LaunchScreen.storyboard */,
				901078A8226264D9001B8690 /* codeACity2.xcdatamodeld */,
				901078B0226264DB001B8690 /* Info.plist */,
				901078C7226270DE001B8690 /* Settings.plist */,
				901078D32262C0DF001B8690 /* codeACity2-Bridging-Header.h */,
			);
			path = codeACity2;
			sourceTree = "<group>";
		};
		901078B622626543001B8690 /* All */ = {
			isa = PBXGroup;
			children = (
				90720A122262CCF300026078 /* src */,
				907209AC2262CC2500026078 /* libs */,
				901078CE2262B6AD001B8690 /* enum */,
				901078C922629D9A001B8690 /* extension */,
				901078C222626F23001B8690 /* entity */,
				901078B7226265BA001B8690 /* view */,
			);
			path = All;
			sourceTree = "<group>";
		};
		901078B7226265BA001B8690 /* view */ = {
			isa = PBXGroup;
			children = (
				901078BD22626655001B8690 /* map */,
				901078B8226265C6001B8690 /* splash */,
			);
			path = view;
			sourceTree = "<group>";
		};
		901078B8226265C6001B8690 /* splash */ = {
			isa = PBXGroup;
			children = (
				901078B9226265DC001B8690 /* SplashViewController.swift */,
				901078BA226265DC001B8690 /* SplashViewController.xib */,
			);
			path = splash;
			sourceTree = "<group>";
		};
		901078BD22626655001B8690 /* map */ = {
			isa = PBXGroup;
			children = (
				901078BE22626665001B8690 /* MapViewController.swift */,
				901078BF22626665001B8690 /* MapViewController.xib */,
				901FB2F12262E8D600EFFB50 /* MapCollectionViewCell.swift */,
				901FB2F22262E8D600EFFB50 /* MapCollectionViewCell.xib */,
				901FB2F72262E9BD00EFFB50 /* MapCollectionController.swift */,
				901FB2FF226316A600EFFB50 /* DetailMapViewController.swift */,
				901FB300226316A600EFFB50 /* DetailMapViewController.xib */,
				909DD741226332E10050AD6B /* DetailItemMapViewController.swift */,
				909DD742226332E10050AD6B /* DetailItemMapViewController.xib */,
			);
			path = map;
			sourceTree = "<group>";
		};
		901078C222626F23001B8690 /* entity */ = {
			isa = PBXGroup;
			children = (
				901078C322626F35001B8690 /* Session.swift */,
				901078C522627040001B8690 /* Settings.swift */,
				901078CC2262A473001B8690 /* GoogleNearby.swift */,
				90720A132262CF7800026078 /* Investimento.swift */,
				901FB2FB226306E600EFFB50 /* ItemMap.swift */,
				909DD73F226330230050AD6B /* Marker.swift */,
			);
			path = entity;
			sourceTree = "<group>";
		};
		901078C922629D9A001B8690 /* extension */ = {
			isa = PBXGroup;
			children = (
				901078CA22629DAB001B8690 /* URLSession.swift */,
				901FB2F52262E97400EFFB50 /* UICollectionView.swift */,
				901FB2F92263055000EFFB50 /* UIView.swift */,
				908B30782263720E00EF6E2F /* Double.swift */,
			);
			path = extension;
			sourceTree = "<group>";
		};
		901078CE2262B6AD001B8690 /* enum */ = {
			isa = PBXGroup;
			children = (
				901078CF2262B6BD001B8690 /* PlaceType.swift */,
			);
			path = enum;
			sourceTree = "<group>";
		};
		907209AC2262CC2500026078 /* libs */ = {
			isa = PBXGroup;
			children = (
				907209AD2262CC2500026078 /* Google-Maps-iOS-Utils */,
			);
			path = libs;
			sourceTree = "<group>";
		};
		907209AD2262CC2500026078 /* Google-Maps-iOS-Utils */ = {
			isa = PBXGroup;
			children = (
				907209AE2262CC2500026078 /* Clustering */,
				907209CA2262CC2500026078 /* Heatmap */,
				907209D12262CC2500026078 /* Geometry */,
				907209F02262CC2500026078 /* QuadTree */,
			);
			path = "Google-Maps-iOS-Utils";
			sourceTree = "<group>";
		};
		907209AE2262CC2500026078 /* Clustering */ = {
			isa = PBXGroup;
			children = (
				907209AF2262CC2500026078 /* GMUClusterManager.m */,
				907209B02262CC2500026078 /* GMUStaticCluster.h */,
				907209B12262CC2500026078 /* GMUMarkerClustering.h */,
				907209B22262CC2500026078 /* Algo */,
				907209BC2262CC2500026078 /* GMUClusterManager.h */,
				907209BD2262CC2500026078 /* GMUClusterManager+Testing.h */,
				907209BE2262CC2500026078 /* View */,
				907209C72262CC2500026078 /* GMUStaticCluster.m */,
				907209C82262CC2500026078 /* GMUCluster.h */,
				907209C92262CC2500026078 /* GMUClusterItem.h */,
			);
			path = Clustering;
			sourceTree = "<group>";
		};
		907209B22262CC2500026078 /* Algo */ = {
			isa = PBXGroup;
			children = (
				907209B32262CC2500026078 /* GMUGridBasedClusterAlgorithm.m */,
				907209B42262CC2500026078 /* GMUClusterAlgorithm.h */,
				907209B52262CC2500026078 /* GMUNonHierarchicalDistanceBasedAlgorithm.h */,
				907209B62262CC2500026078 /* GMUWrappingDictionaryKey.m */,
				907209B72262CC2500026078 /* GMUSimpleClusterAlgorithm.m */,
				907209B82262CC2500026078 /* GMUGridBasedClusterAlgorithm.h */,
				907209B92262CC2500026078 /* GMUNonHierarchicalDistanceBasedAlgorithm.m */,
				907209BA2262CC2500026078 /* GMUSimpleClusterAlgorithm.h */,
				907209BB2262CC2500026078 /* GMUWrappingDictionaryKey.h */,
			);
			path = Algo;
			sourceTree = "<group>";
		};
		907209BE2262CC2500026078 /* View */ = {
			isa = PBXGroup;
			children = (
				907209BF2262CC2500026078 /* GMUClusterIconGenerator.h */,
				907209C02262CC2500026078 /* GMUClusterRenderer.h */,
				907209C12262CC2500026078 /* GMUDefaultClusterRenderer+Testing.h */,
				907209C22262CC2500026078 /* GMUDefaultClusterRenderer.m */,
				907209C32262CC2500026078 /* GMUDefaultClusterIconGenerator.h */,
				907209C42262CC2500026078 /* GMUDefaultClusterIconGenerator.m */,
				907209C52262CC2500026078 /* GMUDefaultClusterRenderer.h */,
				907209C62262CC2500026078 /* GMUDefaultClusterIconGenerator+Testing.h */,
			);
			path = View;
			sourceTree = "<group>";
		};
		907209CA2262CC2500026078 /* Heatmap */ = {
			isa = PBXGroup;
			children = (
				907209CB2262CC2500026078 /* GMUGradient.h */,
				907209CC2262CC2500026078 /* GMUWeightedLatLng.m */,
				907209CD2262CC2500026078 /* GMUHeatmapTileLayer.h */,
				907209CE2262CC2500026078 /* GMUWeightedLatLng.h */,
				907209CF2262CC2500026078 /* GMUGradient.m */,
				907209D02262CC2500026078 /* GMUHeatmapTileLayer.m */,
			);
			path = Heatmap;
			sourceTree = "<group>";
		};
		907209D12262CC2500026078 /* Geometry */ = {
			isa = PBXGroup;
			children = (
				907209D22262CC2500026078 /* GMUKMLParser.m */,
				907209D32262CC2500026078 /* GMUGeometryRenderer.m */,
				907209D42262CC2500026078 /* GMUGeoJSONParser.h */,
				907209D52262CC2500026078 /* Model */,
				907209EC2262CC2500026078 /* GMUKMLParser.h */,
				907209ED2262CC2500026078 /* GMUGeometryRenderer+Testing.h */,
				907209EE2262CC2500026078 /* GMUGeoJSONParser.m */,
				907209EF2262CC2500026078 /* GMUGeometryRenderer.h */,
			);
			path = Geometry;
			sourceTree = "<group>";
		};
		907209D52262CC2500026078 /* Model */ = {
			isa = PBXGroup;
			children = (
				907209D62262CC2500026078 /* GMUGeometryCollection.m */,
				907209D72262CC2500026078 /* GMUPoint.h */,
				907209D82262CC2500026078 /* GMUStyle.h */,
				907209D92262CC2500026078 /* GMUPlacemark.m */,
				907209DA2262CC2500026078 /* GMUPolygon.m */,
				907209DB2262CC2500026078 /* GMUPair.h */,
				907209DC2262CC2500026078 /* GMUGeometryContainer.h */,
				907209DD2262CC2500026078 /* GMUStyleMap.m */,
				907209DE2262CC2500026078 /* GMUFeature.m */,
				907209DF2262CC2500026078 /* GMULineString.h */,
				907209E02262CC2500026078 /* GMUGroundOverlay.m */,
				907209E12262CC2500026078 /* GMUStyle.m */,
				907209E22262CC2500026078 /* GMUPoint.m */,
				907209E32262CC2500026078 /* GMUGeometry.h */,
				907209E42262CC2500026078 /* GMUGeometryCollection.h */,
				907209E52262CC2500026078 /* GMUPair.m */,
				907209E62262CC2500026078 /* GMUPolygon.h */,
				907209E72262CC2500026078 /* GMUPlacemark.h */,
				907209E82262CC2500026078 /* GMUStyleMap.h */,
				907209E92262CC2500026078 /* GMUGroundOverlay.h */,
				907209EA2262CC2500026078 /* GMULineString.m */,
				907209EB2262CC2500026078 /* GMUFeature.h */,
			);
			path = Model;
			sourceTree = "<group>";
		};
		907209F02262CC2500026078 /* QuadTree */ = {
			isa = PBXGroup;
			children = (
				907209F12262CC2500026078 /* GQTPointQuadTree.m */,
				907209F22262CC2500026078 /* GQTPointQuadTreeItem.h */,
				907209F32262CC2500026078 /* GQTPointQuadTreeChild.m */,
				907209F42262CC2500026078 /* GQTPoint.h */,
				907209F52262CC2500026078 /* GQTPointQuadTree.h */,
				907209F62262CC2500026078 /* GQTPointQuadTreeChild.h */,
				907209F72262CC2500026078 /* GQTBounds.h */,
			);
			path = QuadTree;
			sourceTree = "<group>";
		};
		90720A122262CCF300026078 /* src */ = {
			isa = PBXGroup;
			children = (
				901FB2EA2262D31B00EFFB50 /* Municipios_PE.kml */,
				901FB2EC2262D67000EFFB50 /* Recife_antigo.kml */,
				901FB2FD2263122700EFFB50 /* Santo_antonio.kml */,
			);
			path = src;
			sourceTree = "<group>";
		};
/* End PBXGroup section */

/* Begin PBXNativeTarget section */
		9010789D226264D9001B8690 /* codeACity2 */ = {
			isa = PBXNativeTarget;
			buildConfigurationList = 901078B3226264DB001B8690 /* Build configuration list for PBXNativeTarget "codeACity2" */;
			buildPhases = (
				48FAEDDF8DA9ACD2C4E91102 /* [CP] Check Pods Manifest.lock */,
				9010789A226264D9001B8690 /* Sources */,
				9010789B226264D9001B8690 /* Frameworks */,
				9010789C226264D9001B8690 /* Resources */,
				8419BDCB74BF5D59F58AA551 /* [CP] Copy Pods Resources */,
			);
			buildRules = (
			);
			dependencies = (
			);
			name = codeACity2;
			productName = codeACity2;
			productReference = 9010789E226264D9001B8690 /* codeACity2.app */;
			productType = "com.apple.product-type.application";
		};
/* End PBXNativeTarget section */

/* Begin PBXProject section */
		90107896226264D9001B8690 /* Project object */ = {
			isa = PBXProject;
			attributes = {
				LastSwiftUpdateCheck = 1010;
				LastUpgradeCheck = 1010;
				ORGANIZATIONNAME = codeACity2;
				TargetAttributes = {
					9010789D226264D9001B8690 = {
						CreatedOnToolsVersion = 10.1;
					};
				};
			};
			buildConfigurationList = 90107899226264D9001B8690 /* Build configuration list for PBXProject "codeACity2" */;
			compatibilityVersion = "Xcode 9.3";
			developmentRegion = en;
			hasScannedForEncodings = 0;
			knownRegions = (
				en,
				Base,
			);
			mainGroup = 90107895226264D9001B8690;
			productRefGroup = 9010789F226264D9001B8690 /* Products */;
			projectDirPath = "";
			projectRoot = "";
			targets = (
				9010789D226264D9001B8690 /* codeACity2 */,
			);
		};
/* End PBXProject section */

/* Begin PBXResourcesBuildPhase section */
		9010789C226264D9001B8690 /* Resources */ = {
			isa = PBXResourcesBuildPhase;
			buildActionMask = 2147483647;
			files = (
				901FB2FE2263122700EFFB50 /* Santo_antonio.kml in Resources */,
				901078AF226264DB001B8690 /* LaunchScreen.storyboard in Resources */,
				901078BC226265DC001B8690 /* SplashViewController.xib in Resources */,
				901078AC226264DB001B8690 /* Assets.xcassets in Resources */,
				901FB302226316A600EFFB50 /* DetailMapViewController.xib in Resources */,
				901FB2ED2262D67000EFFB50 /* Recife_antigo.kml in Resources */,
				901078C122626665001B8690 /* MapViewController.xib in Resources */,
				901078C8226270DE001B8690 /* Settings.plist in Resources */,
				901FB2F42262E8D600EFFB50 /* MapCollectionViewCell.xib in Resources */,
				901FB2EB2262D31B00EFFB50 /* Municipios_PE.kml in Resources */,
				909DD744226332E10050AD6B /* DetailItemMapViewController.xib in Resources */,
			);
			runOnlyForDeploymentPostprocessing = 0;
		};
/* End PBXResourcesBuildPhase section */

/* Begin PBXShellScriptBuildPhase section */
		48FAEDDF8DA9ACD2C4E91102 /* [CP] Check Pods Manifest.lock */ = {
			isa = PBXShellScriptBuildPhase;
			buildActionMask = 2147483647;
			files = (
			);
			inputFileListPaths = (
			);
			inputPaths = (
				"${PODS_PODFILE_DIR_PATH}/Podfile.lock",
				"${PODS_ROOT}/Manifest.lock",
			);
			name = "[CP] Check Pods Manifest.lock";
			outputFileListPaths = (
			);
			outputPaths = (
				"$(DERIVED_FILE_DIR)/Pods-codeACity2-checkManifestLockResult.txt",
			);
			runOnlyForDeploymentPostprocessing = 0;
			shellPath = /bin/sh;
			shellScript = "diff \"${PODS_PODFILE_DIR_PATH}/Podfile.lock\" \"${PODS_ROOT}/Manifest.lock\" > /dev/null\nif [ $? != 0 ] ; then\n    # print error to STDERR\n    echo \"error: The sandbox is not in sync with the Podfile.lock. Run 'pod install' or update your CocoaPods installation.\" >&2\n    exit 1\nfi\n# This output is used by Xcode 'outputs' to avoid re-running this script phase.\necho \"SUCCESS\" > \"${SCRIPT_OUTPUT_FILE_0}\"\n";
			showEnvVarsInLog = 0;
		};
		8419BDCB74BF5D59F58AA551 /* [CP] Copy Pods Resources */ = {
			isa = PBXShellScriptBuildPhase;
			buildActionMask = 2147483647;
			files = (
			);
			inputFileListPaths = (
			);
			inputPaths = (
				"${SRCROOT}/Pods/Target Support Files/Pods-codeACity2/Pods-codeACity2-resources.sh",
				"${PODS_ROOT}/GoogleMaps/Maps/Frameworks/GoogleMaps.framework/Resources/GoogleMaps.bundle",
				"${PODS_ROOT}/GooglePlaces/Frameworks/GooglePlaces.framework/Resources/GooglePlaces.bundle",
			);
			name = "[CP] Copy Pods Resources";
			outputFileListPaths = (
			);
			outputPaths = (
				"${TARGET_BUILD_DIR}/${UNLOCALIZED_RESOURCES_FOLDER_PATH}/GoogleMaps.bundle",
				"${TARGET_BUILD_DIR}/${UNLOCALIZED_RESOURCES_FOLDER_PATH}/GooglePlaces.bundle",
			);
			runOnlyForDeploymentPostprocessing = 0;
			shellPath = /bin/sh;
			shellScript = "\"${SRCROOT}/Pods/Target Support Files/Pods-codeACity2/Pods-codeACity2-resources.sh\"\n";
			showEnvVarsInLog = 0;
		};
/* End PBXShellScriptBuildPhase section */

/* Begin PBXSourcesBuildPhase section */
		9010789A226264D9001B8690 /* Sources */ = {
			isa = PBXSourcesBuildPhase;
			buildActionMask = 2147483647;
			files = (
				90720A102262CC2500026078 /* GQTPointQuadTree.m in Sources */,
				90720A0C2262CC2500026078 /* GMUPoint.m in Sources */,
				90720A042262CC2500026078 /* GMUGeometryRenderer.m in Sources */,
				90720A032262CC2500026078 /* GMUKMLParser.m in Sources */,
				901078C622627040001B8690 /* Settings.swift in Sources */,
				901078CB22629DAB001B8690 /* URLSession.swift in Sources */,
				901FB2F62262E97400EFFB50 /* UICollectionView.swift in Sources */,
				901078C422626F35001B8690 /* Session.swift in Sources */,
				90720A052262CC2500026078 /* GMUGeometryCollection.m in Sources */,
				90720A082262CC2500026078 /* GMUStyleMap.m in Sources */,
				901FB2F32262E8D600EFFB50 /* MapCollectionViewCell.swift in Sources */,
				901FB2FA2263055000EFFB50 /* UIView.swift in Sources */,
				901078CD2262A473001B8690 /* GoogleNearby.swift in Sources */,
				907209FD2262CC2500026078 /* GMUDefaultClusterRenderer.m in Sources */,
				907209F92262CC2500026078 /* GMUGridBasedClusterAlgorithm.m in Sources */,
				901FB2F82262E9BD00EFFB50 /* MapCollectionController.swift in Sources */,
				907209FE2262CC2500026078 /* GMUDefaultClusterIconGenerator.m in Sources */,
				909DD743226332E10050AD6B /* DetailItemMapViewController.swift in Sources */,
				90720A0D2262CC2500026078 /* GMUPair.m in Sources */,
				90720A0B2262CC2500026078 /* GMUStyle.m in Sources */,
				901078D02262B6BD001B8690 /* PlaceType.swift in Sources */,
				90720A022262CC2500026078 /* GMUHeatmapTileLayer.m in Sources */,
				901078BB226265DC001B8690 /* SplashViewController.swift in Sources */,
				901078AA226264D9001B8690 /* codeACity2.xcdatamodeld in Sources */,
				90720A142262CF7800026078 /* Investimento.swift in Sources */,
				901FB301226316A600EFFB50 /* DetailMapViewController.swift in Sources */,
				90720A0E2262CC2500026078 /* GMULineString.m in Sources */,
				901078A2226264D9001B8690 /* AppDelegate.swift in Sources */,
				909DD740226330230050AD6B /* Marker.swift in Sources */,
				90720A0F2262CC2500026078 /* GMUGeoJSONParser.m in Sources */,
				90720A012262CC2500026078 /* GMUGradient.m in Sources */,
				90720A092262CC2500026078 /* GMUFeature.m in Sources */,
				907209FB2262CC2500026078 /* GMUSimpleClusterAlgorithm.m in Sources */,
				90720A112262CC2500026078 /* GQTPointQuadTreeChild.m in Sources */,
				90720A072262CC2500026078 /* GMUPolygon.m in Sources */,
				907209FA2262CC2500026078 /* GMUWrappingDictionaryKey.m in Sources */,
				90720A062262CC2500026078 /* GMUPlacemark.m in Sources */,
				901FB2FC226306E600EFFB50 /* ItemMap.swift in Sources */,
				907209F82262CC2500026078 /* GMUClusterManager.m in Sources */,
				901078C022626665001B8690 /* MapViewController.swift in Sources */,
				907209FC2262CC2500026078 /* GMUNonHierarchicalDistanceBasedAlgorithm.m in Sources */,
				90720A002262CC2500026078 /* GMUWeightedLatLng.m in Sources */,
				907209FF2262CC2500026078 /* GMUStaticCluster.m in Sources */,
				908B30792263720E00EF6E2F /* Double.swift in Sources */,
				90720A0A2262CC2500026078 /* GMUGroundOverlay.m in Sources */,
			);
			runOnlyForDeploymentPostprocessing = 0;
		};
/* End PBXSourcesBuildPhase section */

/* Begin PBXVariantGroup section */
		901078AD226264DB001B8690 /* LaunchScreen.storyboard */ = {
			isa = PBXVariantGroup;
			children = (
				901078AE226264DB001B8690 /* Base */,
			);
			name = LaunchScreen.storyboard;
			sourceTree = "<group>";
		};
/* End PBXVariantGroup section */

/* Begin XCBuildConfiguration section */
		901078B1226264DB001B8690 /* Debug */ = {
			isa = XCBuildConfiguration;
			buildSettings = {
				ALWAYS_SEARCH_USER_PATHS = NO;
				CLANG_ANALYZER_NONNULL = YES;
				CLANG_ANALYZER_NUMBER_OBJECT_CONVERSION = YES_AGGRESSIVE;
				CLANG_CXX_LANGUAGE_STANDARD = "gnu++14";
				CLANG_CXX_LIBRARY = "libc++";
				CLANG_ENABLE_MODULES = YES;
				CLANG_ENABLE_OBJC_ARC = YES;
				CLANG_ENABLE_OBJC_WEAK = YES;
				CLANG_WARN_BLOCK_CAPTURE_AUTORELEASING = YES;
				CLANG_WARN_BOOL_CONVERSION = YES;
				CLANG_WARN_COMMA = YES;
				CLANG_WARN_CONSTANT_CONVERSION = YES;
				CLANG_WARN_DEPRECATED_OBJC_IMPLEMENTATIONS = YES;
				CLANG_WARN_DIRECT_OBJC_ISA_USAGE = YES_ERROR;
				CLANG_WARN_DOCUMENTATION_COMMENTS = YES;
				CLANG_WARN_EMPTY_BODY = YES;
				CLANG_WARN_ENUM_CONVERSION = YES;
				CLANG_WARN_INFINITE_RECURSION = YES;
				CLANG_WARN_INT_CONVERSION = YES;
				CLANG_WARN_NON_LITERAL_NULL_CONVERSION = YES;
				CLANG_WARN_OBJC_IMPLICIT_RETAIN_SELF = YES;
				CLANG_WARN_OBJC_LITERAL_CONVERSION = YES;
				CLANG_WARN_OBJC_ROOT_CLASS = YES_ERROR;
				CLANG_WARN_RANGE_LOOP_ANALYSIS = YES;
				CLANG_WARN_STRICT_PROTOTYPES = YES;
				CLANG_WARN_SUSPICIOUS_MOVE = YES;
				CLANG_WARN_UNGUARDED_AVAILABILITY = YES_AGGRESSIVE;
				CLANG_WARN_UNREACHABLE_CODE = YES;
				CLANG_WARN__DUPLICATE_METHOD_MATCH = YES;
				CODE_SIGN_IDENTITY = "iPhone Developer";
				COPY_PHASE_STRIP = NO;
				DEBUG_INFORMATION_FORMAT = dwarf;
				ENABLE_STRICT_OBJC_MSGSEND = YES;
				ENABLE_TESTABILITY = YES;
				GCC_C_LANGUAGE_STANDARD = gnu11;
				GCC_DYNAMIC_NO_PIC = NO;
				GCC_NO_COMMON_BLOCKS = YES;
				GCC_OPTIMIZATION_LEVEL = 0;
				GCC_PREPROCESSOR_DEFINITIONS = (
					"DEBUG=1",
					"$(inherited)",
				);
				GCC_WARN_64_TO_32_BIT_CONVERSION = YES;
				GCC_WARN_ABOUT_RETURN_TYPE = YES_ERROR;
				GCC_WARN_UNDECLARED_SELECTOR = YES;
				GCC_WARN_UNINITIALIZED_AUTOS = YES_AGGRESSIVE;
				GCC_WARN_UNUSED_FUNCTION = YES;
				GCC_WARN_UNUSED_VARIABLE = YES;
				IPHONEOS_DEPLOYMENT_TARGET = 12.1;
				MTL_ENABLE_DEBUG_INFO = INCLUDE_SOURCE;
				MTL_FAST_MATH = YES;
				ONLY_ACTIVE_ARCH = YES;
				SDKROOT = iphoneos;
				SWIFT_ACTIVE_COMPILATION_CONDITIONS = DEBUG;
				SWIFT_OBJC_BRIDGING_HEADER = "codeACity2/codeACity2-Bridging-Header.h";
				SWIFT_OPTIMIZATION_LEVEL = "-Onone";
			};
			name = Debug;
		};
		901078B2226264DB001B8690 /* Release */ = {
			isa = XCBuildConfiguration;
			buildSettings = {
				ALWAYS_SEARCH_USER_PATHS = NO;
				CLANG_ANALYZER_NONNULL = YES;
				CLANG_ANALYZER_NUMBER_OBJECT_CONVERSION = YES_AGGRESSIVE;
				CLANG_CXX_LANGUAGE_STANDARD = "gnu++14";
				CLANG_CXX_LIBRARY = "libc++";
				CLANG_ENABLE_MODULES = YES;
				CLANG_ENABLE_OBJC_ARC = YES;
				CLANG_ENABLE_OBJC_WEAK = YES;
				CLANG_WARN_BLOCK_CAPTURE_AUTORELEASING = YES;
				CLANG_WARN_BOOL_CONVERSION = YES;
				CLANG_WARN_COMMA = YES;
				CLANG_WARN_CONSTANT_CONVERSION = YES;
				CLANG_WARN_DEPRECATED_OBJC_IMPLEMENTATIONS = YES;
				CLANG_WARN_DIRECT_OBJC_ISA_USAGE = YES_ERROR;
				CLANG_WARN_DOCUMENTATION_COMMENTS = YES;
				CLANG_WARN_EMPTY_BODY = YES;
				CLANG_WARN_ENUM_CONVERSION = YES;
				CLANG_WARN_INFINITE_RECURSION = YES;
				CLANG_WARN_INT_CONVERSION = YES;
				CLANG_WARN_NON_LITERAL_NULL_CONVERSION = YES;
				CLANG_WARN_OBJC_IMPLICIT_RETAIN_SELF = YES;
				CLANG_WARN_OBJC_LITERAL_CONVERSION = YES;
				CLANG_WARN_OBJC_ROOT_CLASS = YES_ERROR;
				CLANG_WARN_RANGE_LOOP_ANALYSIS = YES;
				CLANG_WARN_STRICT_PROTOTYPES = YES;
				CLANG_WARN_SUSPICIOUS_MOVE = YES;
				CLANG_WARN_UNGUARDED_AVAILABILITY = YES_AGGRESSIVE;
				CLANG_WARN_UNREACHABLE_CODE = YES;
				CLANG_WARN__DUPLICATE_METHOD_MATCH = YES;
				CODE_SIGN_IDENTITY = "iPhone Developer";
				COPY_PHASE_STRIP = NO;
				DEBUG_INFORMATION_FORMAT = "dwarf-with-dsym";
				ENABLE_NS_ASSERTIONS = NO;
				ENABLE_STRICT_OBJC_MSGSEND = YES;
				GCC_C_LANGUAGE_STANDARD = gnu11;
				GCC_NO_COMMON_BLOCKS = YES;
				GCC_WARN_64_TO_32_BIT_CONVERSION = YES;
				GCC_WARN_ABOUT_RETURN_TYPE = YES_ERROR;
				GCC_WARN_UNDECLARED_SELECTOR = YES;
				GCC_WARN_UNINITIALIZED_AUTOS = YES_AGGRESSIVE;
				GCC_WARN_UNUSED_FUNCTION = YES;
				GCC_WARN_UNUSED_VARIABLE = YES;
				IPHONEOS_DEPLOYMENT_TARGET = 12.1;
				MTL_ENABLE_DEBUG_INFO = NO;
				MTL_FAST_MATH = YES;
				SDKROOT = iphoneos;
				SWIFT_COMPILATION_MODE = wholemodule;
				SWIFT_OBJC_BRIDGING_HEADER = "codeACity2/codeACity2-Bridging-Header.h";
				SWIFT_OPTIMIZATION_LEVEL = "-O";
				VALIDATE_PRODUCT = YES;
			};
			name = Release;
		};
		901078B4226264DB001B8690 /* Debug */ = {
			isa = XCBuildConfiguration;
			baseConfigurationReference = 56F449A93404A733A68B068D /* Pods-codeACity2.debug.xcconfig */;
			buildSettings = {
				ASSETCATALOG_COMPILER_APPICON_NAME = AppIcon;
				CODE_SIGN_STYLE = Automatic;
				DEVELOPMENT_TEAM = 9T27QRB7Q6;
				INFOPLIST_FILE = codeACity2/Info.plist;
				LD_RUNPATH_SEARCH_PATHS = (
					"$(inherited)",
					"@executable_path/Frameworks",
				);
				PRODUCT_BUNDLE_IDENTIFIER = br.ufpe.cin.codeACity2;
				PRODUCT_NAME = "$(TARGET_NAME)";
				SWIFT_VERSION = 4.2;
				TARGETED_DEVICE_FAMILY = 1;
			};
			name = Debug;
		};
		901078B5226264DB001B8690 /* Release */ = {
			isa = XCBuildConfiguration;
			baseConfigurationReference = 5FBAF2573BD0E6C593045B66 /* Pods-codeACity2.release.xcconfig */;
			buildSettings = {
				ASSETCATALOG_COMPILER_APPICON_NAME = AppIcon;
				CODE_SIGN_STYLE = Automatic;
				DEVELOPMENT_TEAM = 9T27QRB7Q6;
				INFOPLIST_FILE = codeACity2/Info.plist;
				LD_RUNPATH_SEARCH_PATHS = (
					"$(inherited)",
					"@executable_path/Frameworks",
				);
				PRODUCT_BUNDLE_IDENTIFIER = br.ufpe.cin.codeACity2;
				PRODUCT_NAME = "$(TARGET_NAME)";
				SWIFT_VERSION = 4.2;
				TARGETED_DEVICE_FAMILY = 1;
			};
			name = Release;
		};
/* End XCBuildConfiguration section */

/* Begin XCConfigurationList section */
		90107899226264D9001B8690 /* Build configuration list for PBXProject "codeACity2" */ = {
			isa = XCConfigurationList;
			buildConfigurations = (
				901078B1226264DB001B8690 /* Debug */,
				901078B2226264DB001B8690 /* Release */,
			);
			defaultConfigurationIsVisible = 0;
			defaultConfigurationName = Release;
		};
		901078B3226264DB001B8690 /* Build configuration list for PBXNativeTarget "codeACity2" */ = {
			isa = XCConfigurationList;
			buildConfigurations = (
				901078B4226264DB001B8690 /* Debug */,
				901078B5226264DB001B8690 /* Release */,
			);
			defaultConfigurationIsVisible = 0;
			defaultConfigurationName = Release;
		};
/* End XCConfigurationList section */

/* Begin XCVersionGroup section */
		901078A8226264D9001B8690 /* codeACity2.xcdatamodeld */ = {
			isa = XCVersionGroup;
			children = (
				901078A9226264D9001B8690 /* codeACity2.xcdatamodel */,
			);
			currentVersion = 901078A9226264D9001B8690 /* codeACity2.xcdatamodel */;
			path = codeACity2.xcdatamodeld;
			sourceTree = "<group>";
			versionGroupType = wrapper.xcdatamodel;
		};
/* End XCVersionGroup section */
	};
	rootObject = 90107896226264D9001B8690 /* Project object */;
}
